
Microsoft Visual Studio Solution File, Format Version 12.00
# Visual Studio 14
VisualStudioVersion = 14.0.25420.1
MinimumVisualStudioVersion = 10.0.40219.1
Project("{FAE04EC0-301F-11D3-BF4B-00C04F79EFBC}") = "HonTap.Web", "HonTap.Web\HonTap.Web.csproj", "{03DD73E8-EBC3-4A75-A098-A188060C82D6}"
EndProject
Project("{FAE04EC0-301F-11D3-BF4B-00C04F79EFBC}") = "HonTap.Common", "HonTap.Common\HonTap.Common.csproj", "{2F0F7B1D-8661-4679-9E52-1A2A088CA90D}"
EndProject
Project("{FAE04EC0-301F-11D3-BF4B-00C04F79EFBC}") = "HonTap.Model", "HonTap.Model\HonTap.Model.csproj", "{86DDB4C1-282E-47CB-B7BF-72A02E3A0820}"
EndProject
Global
	GlobalSection(SolutionConfigurationPlatforms) = preSolution
		Debug|Any CPU = Debug|Any CPU
		Release|Any CPU = Release|Any CPU
	EndGlobalSection
	GlobalSection(ProjectConfigurationPlatforms) = postSolution
		{03DD73E8-EBC3-4A75-A098-A188060C82D6}.Debug|Any CPU.ActiveCfg = Debug|Any CPU
		{03DD73E8-EBC3-4A75-A098-A188060C82D6}.Debug|Any CPU.Build.0 = Debug|Any CPU
		{03DD73E8-EBC3-4A75-A098-A188060C82D6}.Release|Any CPU.ActiveCfg = Release|Any CPU
		{03DD73E8-EBC3-4A75-A098-A188060C82D6}.Release|Any CPU.Build.0 = Release|Any CPU
		{2F0F7B1D-8661-4679-9E52-1A2A088CA90D}.Debug|Any CPU.ActiveCfg = Debug|Any CPU
		{2F0F7B1D-8661-4679-9E52-1A2A088CA90D}.Debug|Any CPU.Build.0 = Debug|Any CPU
		{2F0F7B1D-8661-4679-9E52-1A2A088CA90D}.Release|Any CPU.ActiveCfg = Release|Any CPU
		{2F0F7B1D-8661-4679-9E52-1A2A088CA90D}.Release|Any CPU.Build.0 = Release|Any CPU
		{86DDB4C1-282E-47CB-B7BF-72A02E3A0820}.Debug|Any CPU.ActiveCfg = Debug|Any CPU
		{86DDB4C1-282E-47CB-B7BF-72A02E3A0820}.Debug|Any CPU.Build.0 = Debug|Any CPU
		{86DDB4C1-282E-47CB-B7BF-72A02E3A0820}.Release|Any CPU.ActiveCfg = Release|Any CPU
		{86DDB4C1-282E-47CB-B7BF-72A02E3A0820}.Release|Any CPU.Build.0 = Release|Any CPU
	EndGlobalSection
	GlobalSection(SolutionProperties) = preSolution
		HideSolutionNode = FALSE
	EndGlobalSection
EndGlobal
